
Microsoft Visual Studio Solution File, Format Version 12.00
# Visual Studio Version 17
VisualStudioVersion = 17.1.32328.378
MinimumVisualStudioVersion = 10.0.40219.1
Project("{8BC9CEB8-8B4A-11D0-8D11-00A0C91BC942}") = "KursCpp3", "KursCpp3\KursCpp3.vcxproj", "{236190F9-A9B7-45D0-ABE2-65AC95A615C3}"
EndProject
Project("{8BC9CEB8-8B4A-11D0-8D11-00A0C91BC942}") = "Zad 1.1", "Zad 1.1a\Zad 1.1a.vcxproj", "{90ACDDF5-DAD3-401C-80BE-0F93C09D8491}"
EndProject
Project("{8BC9CEB8-8B4A-11D0-8D11-00A0C91BC942}") = "Zad 1.2", "Zad 1.2\Zad 1.2.vcxproj", "{9570A11E-53CE-460E-910E-CFCFF84B1DE2}"
EndProject
Project("{8BC9CEB8-8B4A-11D0-8D11-00A0C91BC942}") = "Zad 1.3", "Zad 1.3\Zad 1.3.vcxproj", "{7D75628B-508A-406B-8223-44A01CF214FC}"
EndProject
Project("{8BC9CEB8-8B4A-11D0-8D11-00A0C91BC942}") = "Zad 1.4", "Zad 1.4\Zad 1.4.vcxproj", "{9A5F9630-B9C7-4B71-B91D-C3F27788CCA7}"
EndProject
Project("{8BC9CEB8-8B4A-11D0-8D11-00A0C91BC942}") = "Zad 1.5", "Zad 1.5\Zad 1.5.vcxproj", "{8F288E89-41FE-4E44-9BC0-D18C4704B804}"
EndProject
Project("{8BC9CEB8-8B4A-11D0-8D11-00A0C91BC942}") = "Zad 1.9", "Zad 1.9\Zad 1.9.vcxproj", "{78FE2F8B-4C3D-4DA5-B9A9-94B81E8A44DC}"
EndProject
Project("{8BC9CEB8-8B4A-11D0-8D11-00A0C91BC942}") = "Zad 2.1", "Zad 2.1\Zad 2.1.vcxproj", "{8F2768FB-409D-494B-A7AE-06425DA6358B}"
EndProject
Project("{8BC9CEB8-8B4A-11D0-8D11-00A0C91BC942}") = "Zad 2.2", "Zad 2.2\Zad 2.2.vcxproj", "{63833AD2-0AD9-457A-8018-625F2A879EC9}"
EndProject
Project("{8BC9CEB8-8B4A-11D0-8D11-00A0C91BC942}") = "Zad 3.1", "Zad 3.1\Zad 3.1.vcxproj", "{219E03A0-14DB-48B5-940F-D579E32C612B}"
EndProject
Project("{8BC9CEB8-8B4A-11D0-8D11-00A0C91BC942}") = "Zad 3.2", "Zad 3.2\Zad 3.2.vcxproj", "{CFF90531-7F48-42F6-BFF1-C6A32C8ACBF1}"
EndProject
Project("{8BC9CEB8-8B4A-11D0-8D11-00A0C91BC942}") = "Zad 3.3", "Zad 3.3\Zad 3.3.vcxproj", "{AC2461FA-2ED9-438E-8BE2-F16548E6BC17}"
EndProject
Project("{8BC9CEB8-8B4A-11D0-8D11-00A0C91BC942}") = "Zad 4.2", "Zad. 4.2\Zad. 4.2.vcxproj", "{B05A0AE2-8AA4-4605-A8B0-9B0844593981}"
EndProject
Project("{8BC9CEB8-8B4A-11D0-8D11-00A0C91BC942}") = "Zad 4.3", "Zad 4.3\Zad 4.3.vcxproj", "{C131421A-A10C-4A37-8024-5132F9EF53FE}"
EndProject
Project("{8BC9CEB8-8B4A-11D0-8D11-00A0C91BC942}") = "Zad 4.4", "Zad 4.4\Zad 4.4.vcxproj", "{2D6A8357-310F-4222-841B-1B2D0CDCCF00}"
EndProject
Project("{8BC9CEB8-8B4A-11D0-8D11-00A0C91BC942}") = "Zad 4.6", "Zad 4.6\Zad 4.6.vcxproj", "{B8F65C0F-9CB1-4D5E-B885-FA6BA66D31A3}"
EndProject
Project("{8BC9CEB8-8B4A-11D0-8D11-00A0C91BC942}") = "Zad 4.8", "Zad 4.8\Zad 4.8.vcxproj", "{FC5C7909-B4F2-4739-A0DA-8A4793C10CAC}"
EndProject
Project("{8BC9CEB8-8B4A-11D0-8D11-00A0C91BC942}") = "Test", "Test\Test.vcxproj", "{325C60C8-151D-4043-8FF5-78822C552D92}"
EndProject
Project("{8BC9CEB8-8B4A-11D0-8D11-00A0C91BC942}") = "Zad 2.4", "Zad 2.4\Zad 2.4.vcxproj", "{A500016B-EDBB-44F5-B9A5-9E2C4695D6EB}"
EndProject
Project("{8BC9CEB8-8B4A-11D0-8D11-00A0C91BC942}") = "Zad 2.5", "Zad 2.5\Zad 2.5.vcxproj", "{A9527C29-3B16-46C4-BC1E-F09A06416953}"
EndProject
Project("{8BC9CEB8-8B4A-11D0-8D11-00A0C91BC942}") = "Zad 2.6", "Zad 2.6\Zad 2.6.vcxproj", "{99F660BC-BF61-439C-A43F-3035FD2DEEA7}"
EndProject
Project("{8BC9CEB8-8B4A-11D0-8D11-00A0C91BC942}") = "Zad 4.10", "Zad 4.10\Zad 4.10.vcxproj", "{AB5E1C4E-1090-444E-ACE2-BAAA0E8CF155}"
EndProject
Project("{8BC9CEB8-8B4A-11D0-8D11-00A0C91BC942}") = "Zad 4.9", "Zad 4.9\Zad 4.9.vcxproj", "{9C13FA1F-5C0E-4A1B-A508-5B1801CA9EAC}"
EndProject
Project("{8BC9CEB8-8B4A-11D0-8D11-00A0C91BC942}") = "Zad 5.1", "Zad 5.1\Zad 5.1.vcxproj", "{56DF2955-F48E-4F4B-8431-3C88429A4893}"
EndProject
Project("{8BC9CEB8-8B4A-11D0-8D11-00A0C91BC942}") = "Zad 5.2", "Zad 5.2\Zad 5.2.vcxproj", "{265EFDFC-843A-401C-92CE-652BB99A91AC}"
EndProject
Project("{8BC9CEB8-8B4A-11D0-8D11-00A0C91BC942}") = "Zad 5.5", "Zad 5.5\Zad 5.5.vcxproj", "{F48F2BB9-F550-4D55-970D-E92CD4A77FF8}"
EndProject
Project("{8BC9CEB8-8B4A-11D0-8D11-00A0C91BC942}") = "Zad 5.3", "Zad 5.3\Zad 5.3.vcxproj", "{80C28586-9105-43BC-B2C5-EE6437C796BA}"
EndProject
Project("{8BC9CEB8-8B4A-11D0-8D11-00A0C91BC942}") = "Zad 5.4", "Zad 5.4\Zad 5.4.vcxproj", "{7C18D1A0-65A7-41C6-87AC-1FCCE8F9D943}"
EndProject
Project("{8BC9CEB8-8B4A-11D0-8D11-00A0C91BC942}") = "Zad 5.7", "Zad 5.7\Zad 5.7.vcxproj", "{3D4D5726-E8FC-4EFC-808A-A656310787EB}"
EndProject
Project("{8BC9CEB8-8B4A-11D0-8D11-00A0C91BC942}") = "Zad 5.8", "Zad 5.8\Zad 5.8.vcxproj", "{F86B3C13-6631-4A2C-9EAA-DFBEC8DCD73B}"
EndProject
Project("{8BC9CEB8-8B4A-11D0-8D11-00A0C91BC942}") = "Zad 5.9", "Zad 5.9\Zad 5.9.vcxproj", "{4D030837-6E2F-43F1-B9EA-FFEA49E75A5A}"
EndProject
Project("{8BC9CEB8-8B4A-11D0-8D11-00A0C91BC942}") = "Zad 5.10", "Zad 5.10\Zad 5.10.vcxproj", "{02F1076B-13BD-4D5C-A48F-EE2E46EF479E}"
EndProject
Project("{8BC9CEB8-8B4A-11D0-8D11-00A0C91BC942}") = "Zad 6.1", "Zad 6.2\Zad 6.2.vcxproj", "{CDFFF199-071C-446B-8DEB-C28124ADDCDF}"
EndProject
Project("{8BC9CEB8-8B4A-11D0-8D11-00A0C91BC942}") = "Zad6.1b", "Zad6.1b\Zad6.1b.vcxproj", "{CCB375BC-0FCF-4663-A8A2-F4DCCF7A956D}"
EndProject
Project("{8BC9CEB8-8B4A-11D0-8D11-00A0C91BC942}") = "Zad7.1", "Zad7.1\Zad7.1.vcxproj", "{7514EDE5-8FDE-45A1-B255-4ACE55B354A5}"
EndProject
Project("{8BC9CEB8-8B4A-11D0-8D11-00A0C91BC942}") = "Zad7.2", "Zad7.2\Zad7.2.vcxproj", "{255693AF-F0F9-4C0E-BF28-D1890299FCCC}"
EndProject
Project("{8BC9CEB8-8B4A-11D0-8D11-00A0C91BC942}") = "Zad7.4", "Zad7.4\Zad7.4.vcxproj", "{9DC0589A-CE9E-4DD3-B1E2-54EFAED85EAC}"
EndProject
Project("{8BC9CEB8-8B4A-11D0-8D11-00A0C91BC942}") = "Zad7.11", "Zad7.11\Zad7.11.vcxproj", "{9564FFE8-7D27-4C4F-828C-2969F5C18F59}"
EndProject
Global
	GlobalSection(SolutionConfigurationPlatforms) = preSolution
		Debug|x64 = Debug|x64
		Debug|x86 = Debug|x86
		Release|x64 = Release|x64
		Release|x86 = Release|x86
	EndGlobalSection
	GlobalSection(ProjectConfigurationPlatforms) = postSolution
		{236190F9-A9B7-45D0-ABE2-65AC95A615C3}.Debug|x64.ActiveCfg = Debug|x64
		{236190F9-A9B7-45D0-ABE2-65AC95A615C3}.Debug|x64.Build.0 = Debug|x64
		{236190F9-A9B7-45D0-ABE2-65AC95A615C3}.Debug|x86.ActiveCfg = Debug|Win32
		{236190F9-A9B7-45D0-ABE2-65AC95A615C3}.Debug|x86.Build.0 = Debug|Win32
		{236190F9-A9B7-45D0-ABE2-65AC95A615C3}.Release|x64.ActiveCfg = Release|x64
		{236190F9-A9B7-45D0-ABE2-65AC95A615C3}.Release|x64.Build.0 = Release|x64
		{236190F9-A9B7-45D0-ABE2-65AC95A615C3}.Release|x86.ActiveCfg = Release|Win32
		{236190F9-A9B7-45D0-ABE2-65AC95A615C3}.Release|x86.Build.0 = Release|Win32
		{90ACDDF5-DAD3-401C-80BE-0F93C09D8491}.Debug|x64.ActiveCfg = Debug|x64
		{90ACDDF5-DAD3-401C-80BE-0F93C09D8491}.Debug|x64.Build.0 = Debug|x64
		{90ACDDF5-DAD3-401C-80BE-0F93C09D8491}.Debug|x86.ActiveCfg = Debug|Win32
		{90ACDDF5-DAD3-401C-80BE-0F93C09D8491}.Debug|x86.Build.0 = Debug|Win32
		{90ACDDF5-DAD3-401C-80BE-0F93C09D8491}.Release|x64.ActiveCfg = Release|x64
		{90ACDDF5-DAD3-401C-80BE-0F93C09D8491}.Release|x64.Build.0 = Release|x64
		{90ACDDF5-DAD3-401C-80BE-0F93C09D8491}.Release|x86.ActiveCfg = Release|Win32
		{90ACDDF5-DAD3-401C-80BE-0F93C09D8491}.Release|x86.Build.0 = Release|Win32
		{9570A11E-53CE-460E-910E-CFCFF84B1DE2}.Debug|x64.ActiveCfg = Debug|x64
		{9570A11E-53CE-460E-910E-CFCFF84B1DE2}.Debug|x64.Build.0 = Debug|x64
		{9570A11E-53CE-460E-910E-CFCFF84B1DE2}.Debug|x86.ActiveCfg = Debug|Win32
		{9570A11E-53CE-460E-910E-CFCFF84B1DE2}.Debug|x86.Build.0 = Debug|Win32
		{9570A11E-53CE-460E-910E-CFCFF84B1DE2}.Release|x64.ActiveCfg = Release|x64
		{9570A11E-53CE-460E-910E-CFCFF84B1DE2}.Release|x64.Build.0 = Release|x64
		{9570A11E-53CE-460E-910E-CFCFF84B1DE2}.Release|x86.ActiveCfg = Release|Win32
		{9570A11E-53CE-460E-910E-CFCFF84B1DE2}.Release|x86.Build.0 = Release|Win32
		{7D75628B-508A-406B-8223-44A01CF214FC}.Debug|x64.ActiveCfg = Debug|x64
		{7D75628B-508A-406B-8223-44A01CF214FC}.Debug|x64.Build.0 = Debug|x64
		{7D75628B-508A-406B-8223-44A01CF214FC}.Debug|x86.ActiveCfg = Debug|Win32
		{7D75628B-508A-406B-8223-44A01CF214FC}.Debug|x86.Build.0 = Debug|Win32
		{7D75628B-508A-406B-8223-44A01CF214FC}.Release|x64.ActiveCfg = Release|x64
		{7D75628B-508A-406B-8223-44A01CF214FC}.Release|x64.Build.0 = Release|x64
		{7D75628B-508A-406B-8223-44A01CF214FC}.Release|x86.ActiveCfg = Release|Win32
		{7D75628B-508A-406B-8223-44A01CF214FC}.Release|x86.Build.0 = Release|Win32
		{9A5F9630-B9C7-4B71-B91D-C3F27788CCA7}.Debug|x64.ActiveCfg = Debug|x64
		{9A5F9630-B9C7-4B71-B91D-C3F27788CCA7}.Debug|x64.Build.0 = Debug|x64
		{9A5F9630-B9C7-4B71-B91D-C3F27788CCA7}.Debug|x86.ActiveCfg = Debug|Win32
		{9A5F9630-B9C7-4B71-B91D-C3F27788CCA7}.Debug|x86.Build.0 = Debug|Win32
		{9A5F9630-B9C7-4B71-B91D-C3F27788CCA7}.Release|x64.ActiveCfg = Release|x64
		{9A5F9630-B9C7-4B71-B91D-C3F27788CCA7}.Release|x64.Build.0 = Release|x64
		{9A5F9630-B9C7-4B71-B91D-C3F27788CCA7}.Release|x86.ActiveCfg = Release|Win32
		{9A5F9630-B9C7-4B71-B91D-C3F27788CCA7}.Release|x86.Build.0 = Release|Win32
		{8F288E89-41FE-4E44-9BC0-D18C4704B804}.Debug|x64.ActiveCfg = Debug|x64
		{8F288E89-41FE-4E44-9BC0-D18C4704B804}.Debug|x64.Build.0 = Debug|x64
		{8F288E89-41FE-4E44-9BC0-D18C4704B804}.Debug|x86.ActiveCfg = Debug|Win32
		{8F288E89-41FE-4E44-9BC0-D18C4704B804}.Debug|x86.Build.0 = Debug|Win32
		{8F288E89-41FE-4E44-9BC0-D18C4704B804}.Release|x64.ActiveCfg = Release|x64
		{8F288E89-41FE-4E44-9BC0-D18C4704B804}.Release|x64.Build.0 = Release|x64
		{8F288E89-41FE-4E44-9BC0-D18C4704B804}.Release|x86.ActiveCfg = Release|Win32
		{8F288E89-41FE-4E44-9BC0-D18C4704B804}.Release|x86.Build.0 = Release|Win32
		{78FE2F8B-4C3D-4DA5-B9A9-94B81E8A44DC}.Debug|x64.ActiveCfg = Debug|x64
		{78FE2F8B-4C3D-4DA5-B9A9-94B81E8A44DC}.Debug|x64.Build.0 = Debug|x64
		{78FE2F8B-4C3D-4DA5-B9A9-94B81E8A44DC}.Debug|x86.ActiveCfg = Debug|Win32
		{78FE2F8B-4C3D-4DA5-B9A9-94B81E8A44DC}.Debug|x86.Build.0 = Debug|Win32
		{78FE2F8B-4C3D-4DA5-B9A9-94B81E8A44DC}.Release|x64.ActiveCfg = Release|x64
		{78FE2F8B-4C3D-4DA5-B9A9-94B81E8A44DC}.Release|x64.Build.0 = Release|x64
		{78FE2F8B-4C3D-4DA5-B9A9-94B81E8A44DC}.Release|x86.ActiveCfg = Release|Win32
		{78FE2F8B-4C3D-4DA5-B9A9-94B81E8A44DC}.Release|x86.Build.0 = Release|Win32
		{8F2768FB-409D-494B-A7AE-06425DA6358B}.Debug|x64.ActiveCfg = Debug|x64
		{8F2768FB-409D-494B-A7AE-06425DA6358B}.Debug|x64.Build.0 = Debug|x64
		{8F2768FB-409D-494B-A7AE-06425DA6358B}.Debug|x86.ActiveCfg = Debug|Win32
		{8F2768FB-409D-494B-A7AE-06425DA6358B}.Debug|x86.Build.0 = Debug|Win32
		{8F2768FB-409D-494B-A7AE-06425DA6358B}.Release|x64.ActiveCfg = Release|x64
		{8F2768FB-409D-494B-A7AE-06425DA6358B}.Release|x64.Build.0 = Release|x64
		{8F2768FB-409D-494B-A7AE-06425DA6358B}.Release|x86.ActiveCfg = Release|Win32
		{8F2768FB-409D-494B-A7AE-06425DA6358B}.Release|x86.Build.0 = Release|Win32
		{63833AD2-0AD9-457A-8018-625F2A879EC9}.Debug|x64.ActiveCfg = Debug|x64
		{63833AD2-0AD9-457A-8018-625F2A879EC9}.Debug|x64.Build.0 = Debug|x64
		{63833AD2-0AD9-457A-8018-625F2A879EC9}.Debug|x86.ActiveCfg = Debug|Win32
		{63833AD2-0AD9-457A-8018-625F2A879EC9}.Debug|x86.Build.0 = Debug|Win32
		{63833AD2-0AD9-457A-8018-625F2A879EC9}.Release|x64.ActiveCfg = Release|x64
		{63833AD2-0AD9-457A-8018-625F2A879EC9}.Release|x64.Build.0 = Release|x64
		{63833AD2-0AD9-457A-8018-625F2A879EC9}.Release|x86.ActiveCfg = Release|Win32
		{63833AD2-0AD9-457A-8018-625F2A879EC9}.Release|x86.Build.0 = Release|Win32
		{219E03A0-14DB-48B5-940F-D579E32C612B}.Debug|x64.ActiveCfg = Debug|x64
		{219E03A0-14DB-48B5-940F-D579E32C612B}.Debug|x64.Build.0 = Debug|x64
		{219E03A0-14DB-48B5-940F-D579E32C612B}.Debug|x86.ActiveCfg = Debug|Win32
		{219E03A0-14DB-48B5-940F-D579E32C612B}.Debug|x86.Build.0 = Debug|Win32
		{219E03A0-14DB-48B5-940F-D579E32C612B}.Release|x64.ActiveCfg = Release|x64
		{219E03A0-14DB-48B5-940F-D579E32C612B}.Release|x64.Build.0 = Release|x64
		{219E03A0-14DB-48B5-940F-D579E32C612B}.Release|x86.ActiveCfg = Release|Win32
		{219E03A0-14DB-48B5-940F-D579E32C612B}.Release|x86.Build.0 = Release|Win32
		{CFF90531-7F48-42F6-BFF1-C6A32C8ACBF1}.Debug|x64.ActiveCfg = Debug|x64
		{CFF90531-7F48-42F6-BFF1-C6A32C8ACBF1}.Debug|x64.Build.0 = Debug|x64
		{CFF90531-7F48-42F6-BFF1-C6A32C8ACBF1}.Debug|x86.ActiveCfg = Debug|Win32
		{CFF90531-7F48-42F6-BFF1-C6A32C8ACBF1}.Debug|x86.Build.0 = Debug|Win32
		{CFF90531-7F48-42F6-BFF1-C6A32C8ACBF1}.Release|x64.ActiveCfg = Release|x64
		{CFF90531-7F48-42F6-BFF1-C6A32C8ACBF1}.Release|x64.Build.0 = Release|x64
		{CFF90531-7F48-42F6-BFF1-C6A32C8ACBF1}.Release|x86.ActiveCfg = Release|Win32
		{CFF90531-7F48-42F6-BFF1-C6A32C8ACBF1}.Release|x86.Build.0 = Release|Win32
		{AC2461FA-2ED9-438E-8BE2-F16548E6BC17}.Debug|x64.ActiveCfg = Debug|x64
		{AC2461FA-2ED9-438E-8BE2-F16548E6BC17}.Debug|x64.Build.0 = Debug|x64
		{AC2461FA-2ED9-438E-8BE2-F16548E6BC17}.Debug|x86.ActiveCfg = Debug|Win32
		{AC2461FA-2ED9-438E-8BE2-F16548E6BC17}.Debug|x86.Build.0 = Debug|Win32
		{AC2461FA-2ED9-438E-8BE2-F16548E6BC17}.Release|x64.ActiveCfg = Release|x64
		{AC2461FA-2ED9-438E-8BE2-F16548E6BC17}.Release|x64.Build.0 = Release|x64
		{AC2461FA-2ED9-438E-8BE2-F16548E6BC17}.Release|x86.ActiveCfg = Release|Win32
		{AC2461FA-2ED9-438E-8BE2-F16548E6BC17}.Release|x86.Build.0 = Release|Win32
		{B05A0AE2-8AA4-4605-A8B0-9B0844593981}.Debug|x64.ActiveCfg = Debug|x64
		{B05A0AE2-8AA4-4605-A8B0-9B0844593981}.Debug|x64.Build.0 = Debug|x64
		{B05A0AE2-8AA4-4605-A8B0-9B0844593981}.Debug|x86.ActiveCfg = Debug|Win32
		{B05A0AE2-8AA4-4605-A8B0-9B0844593981}.Debug|x86.Build.0 = Debug|Win32
		{B05A0AE2-8AA4-4605-A8B0-9B0844593981}.Release|x64.ActiveCfg = Release|x64
		{B05A0AE2-8AA4-4605-A8B0-9B0844593981}.Release|x64.Build.0 = Release|x64
		{B05A0AE2-8AA4-4605-A8B0-9B0844593981}.Release|x86.ActiveCfg = Release|Win32
		{B05A0AE2-8AA4-4605-A8B0-9B0844593981}.Release|x86.Build.0 = Release|Win32
		{C131421A-A10C-4A37-8024-5132F9EF53FE}.Debug|x64.ActiveCfg = Debug|x64
		{C131421A-A10C-4A37-8024-5132F9EF53FE}.Debug|x64.Build.0 = Debug|x64
		{C131421A-A10C-4A37-8024-5132F9EF53FE}.Debug|x86.ActiveCfg = Debug|Win32
		{C131421A-A10C-4A37-8024-5132F9EF53FE}.Debug|x86.Build.0 = Debug|Win32
		{C131421A-A10C-4A37-8024-5132F9EF53FE}.Release|x64.ActiveCfg = Release|x64
		{C131421A-A10C-4A37-8024-5132F9EF53FE}.Release|x64.Build.0 = Release|x64
		{C131421A-A10C-4A37-8024-5132F9EF53FE}.Release|x86.ActiveCfg = Release|Win32
		{C131421A-A10C-4A37-8024-5132F9EF53FE}.Release|x86.Build.0 = Release|Win32
		{2D6A8357-310F-4222-841B-1B2D0CDCCF00}.Debug|x64.ActiveCfg = Debug|x64
		{2D6A8357-310F-4222-841B-1B2D0CDCCF00}.Debug|x64.Build.0 = Debug|x64
		{2D6A8357-310F-4222-841B-1B2D0CDCCF00}.Debug|x86.ActiveCfg = Debug|Win32
		{2D6A8357-310F-4222-841B-1B2D0CDCCF00}.Debug|x86.Build.0 = Debug|Win32
		{2D6A8357-310F-4222-841B-1B2D0CDCCF00}.Release|x64.ActiveCfg = Release|x64
		{2D6A8357-310F-4222-841B-1B2D0CDCCF00}.Release|x64.Build.0 = Release|x64
		{2D6A8357-310F-4222-841B-1B2D0CDCCF00}.Release|x86.ActiveCfg = Release|Win32
		{2D6A8357-310F-4222-841B-1B2D0CDCCF00}.Release|x86.Build.0 = Release|Win32
		{B8F65C0F-9CB1-4D5E-B885-FA6BA66D31A3}.Debug|x64.ActiveCfg = Debug|x64
		{B8F65C0F-9CB1-4D5E-B885-FA6BA66D31A3}.Debug|x64.Build.0 = Debug|x64
		{B8F65C0F-9CB1-4D5E-B885-FA6BA66D31A3}.Debug|x86.ActiveCfg = Debug|Win32
		{B8F65C0F-9CB1-4D5E-B885-FA6BA66D31A3}.Debug|x86.Build.0 = Debug|Win32
		{B8F65C0F-9CB1-4D5E-B885-FA6BA66D31A3}.Release|x64.ActiveCfg = Release|x64
		{B8F65C0F-9CB1-4D5E-B885-FA6BA66D31A3}.Release|x64.Build.0 = Release|x64
		{B8F65C0F-9CB1-4D5E-B885-FA6BA66D31A3}.Release|x86.ActiveCfg = Release|Win32
		{B8F65C0F-9CB1-4D5E-B885-FA6BA66D31A3}.Release|x86.Build.0 = Release|Win32
		{FC5C7909-B4F2-4739-A0DA-8A4793C10CAC}.Debug|x64.ActiveCfg = Debug|x64
		{FC5C7909-B4F2-4739-A0DA-8A4793C10CAC}.Debug|x64.Build.0 = Debug|x64
		{FC5C7909-B4F2-4739-A0DA-8A4793C10CAC}.Debug|x86.ActiveCfg = Debug|Win32
		{FC5C7909-B4F2-4739-A0DA-8A4793C10CAC}.Debug|x86.Build.0 = Debug|Win32
		{FC5C7909-B4F2-4739-A0DA-8A4793C10CAC}.Release|x64.ActiveCfg = Release|x64
		{FC5C7909-B4F2-4739-A0DA-8A4793C10CAC}.Release|x64.Build.0 = Release|x64
		{FC5C7909-B4F2-4739-A0DA-8A4793C10CAC}.Release|x86.ActiveCfg = Release|Win32
		{FC5C7909-B4F2-4739-A0DA-8A4793C10CAC}.Release|x86.Build.0 = Release|Win32
		{325C60C8-151D-4043-8FF5-78822C552D92}.Debug|x64.ActiveCfg = Debug|x64
		{325C60C8-151D-4043-8FF5-78822C552D92}.Debug|x64.Build.0 = Debug|x64
		{325C60C8-151D-4043-8FF5-78822C552D92}.Debug|x86.ActiveCfg = Debug|Win32
		{325C60C8-151D-4043-8FF5-78822C552D92}.Debug|x86.Build.0 = Debug|Win32
		{325C60C8-151D-4043-8FF5-78822C552D92}.Release|x64.ActiveCfg = Release|x64
		{325C60C8-151D-4043-8FF5-78822C552D92}.Release|x64.Build.0 = Release|x64
		{325C60C8-151D-4043-8FF5-78822C552D92}.Release|x86.ActiveCfg = Release|Win32
		{325C60C8-151D-4043-8FF5-78822C552D92}.Release|x86.Build.0 = Release|Win32
		{A500016B-EDBB-44F5-B9A5-9E2C4695D6EB}.Debug|x64.ActiveCfg = Debug|x64
		{A500016B-EDBB-44F5-B9A5-9E2C4695D6EB}.Debug|x64.Build.0 = Debug|x64
		{A500016B-EDBB-44F5-B9A5-9E2C4695D6EB}.Debug|x86.ActiveCfg = Debug|Win32
		{A500016B-EDBB-44F5-B9A5-9E2C4695D6EB}.Debug|x86.Build.0 = Debug|Win32
		{A500016B-EDBB-44F5-B9A5-9E2C4695D6EB}.Release|x64.ActiveCfg = Release|x64
		{A500016B-EDBB-44F5-B9A5-9E2C4695D6EB}.Release|x64.Build.0 = Release|x64
		{A500016B-EDBB-44F5-B9A5-9E2C4695D6EB}.Release|x86.ActiveCfg = Release|Win32
		{A500016B-EDBB-44F5-B9A5-9E2C4695D6EB}.Release|x86.Build.0 = Release|Win32
		{A9527C29-3B16-46C4-BC1E-F09A06416953}.Debug|x64.ActiveCfg = Debug|x64
		{A9527C29-3B16-46C4-BC1E-F09A06416953}.Debug|x64.Build.0 = Debug|x64
		{A9527C29-3B16-46C4-BC1E-F09A06416953}.Debug|x86.ActiveCfg = Debug|Win32
		{A9527C29-3B16-46C4-BC1E-F09A06416953}.Debug|x86.Build.0 = Debug|Win32
		{A9527C29-3B16-46C4-BC1E-F09A06416953}.Release|x64.ActiveCfg = Release|x64
		{A9527C29-3B16-46C4-BC1E-F09A06416953}.Release|x64.Build.0 = Release|x64
		{A9527C29-3B16-46C4-BC1E-F09A06416953}.Release|x86.ActiveCfg = Release|Win32
		{A9527C29-3B16-46C4-BC1E-F09A06416953}.Release|x86.Build.0 = Release|Win32
		{99F660BC-BF61-439C-A43F-3035FD2DEEA7}.Debug|x64.ActiveCfg = Debug|x64
		{99F660BC-BF61-439C-A43F-3035FD2DEEA7}.Debug|x64.Build.0 = Debug|x64
		{99F660BC-BF61-439C-A43F-3035FD2DEEA7}.Debug|x86.ActiveCfg = Debug|Win32
		{99F660BC-BF61-439C-A43F-3035FD2DEEA7}.Debug|x86.Build.0 = Debug|Win32
		{99F660BC-BF61-439C-A43F-3035FD2DEEA7}.Release|x64.ActiveCfg = Release|x64
		{99F660BC-BF61-439C-A43F-3035FD2DEEA7}.Release|x64.Build.0 = Release|x64
		{99F660BC-BF61-439C-A43F-3035FD2DEEA7}.Release|x86.ActiveCfg = Release|Win32
		{99F660BC-BF61-439C-A43F-3035FD2DEEA7}.Release|x86.Build.0 = Release|Win32
		{AB5E1C4E-1090-444E-ACE2-BAAA0E8CF155}.Debug|x64.ActiveCfg = Debug|x64
		{AB5E1C4E-1090-444E-ACE2-BAAA0E8CF155}.Debug|x64.Build.0 = Debug|x64
		{AB5E1C4E-1090-444E-ACE2-BAAA0E8CF155}.Debug|x86.ActiveCfg = Debug|Win32
		{AB5E1C4E-1090-444E-ACE2-BAAA0E8CF155}.Debug|x86.Build.0 = Debug|Win32
		{AB5E1C4E-1090-444E-ACE2-BAAA0E8CF155}.Release|x64.ActiveCfg = Release|x64
		{AB5E1C4E-1090-444E-ACE2-BAAA0E8CF155}.Release|x64.Build.0 = Release|x64
		{AB5E1C4E-1090-444E-ACE2-BAAA0E8CF155}.Release|x86.ActiveCfg = Release|Win32
		{AB5E1C4E-1090-444E-ACE2-BAAA0E8CF155}.Release|x86.Build.0 = Release|Win32
		{9C13FA1F-5C0E-4A1B-A508-5B1801CA9EAC}.Debug|x64.ActiveCfg = Debug|x64
		{9C13FA1F-5C0E-4A1B-A508-5B1801CA9EAC}.Debug|x64.Build.0 = Debug|x64
		{9C13FA1F-5C0E-4A1B-A508-5B1801CA9EAC}.Debug|x86.ActiveCfg = Debug|Win32
		{9C13FA1F-5C0E-4A1B-A508-5B1801CA9EAC}.Debug|x86.Build.0 = Debug|Win32
		{9C13FA1F-5C0E-4A1B-A508-5B1801CA9EAC}.Release|x64.ActiveCfg = Release|x64
		{9C13FA1F-5C0E-4A1B-A508-5B1801CA9EAC}.Release|x64.Build.0 = Release|x64
		{9C13FA1F-5C0E-4A1B-A508-5B1801CA9EAC}.Release|x86.ActiveCfg = Release|Win32
		{9C13FA1F-5C0E-4A1B-A508-5B1801CA9EAC}.Release|x86.Build.0 = Release|Win32
		{56DF2955-F48E-4F4B-8431-3C88429A4893}.Debug|x64.ActiveCfg = Debug|x64
		{56DF2955-F48E-4F4B-8431-3C88429A4893}.Debug|x64.Build.0 = Debug|x64
		{56DF2955-F48E-4F4B-8431-3C88429A4893}.Debug|x86.ActiveCfg = Debug|Win32
		{56DF2955-F48E-4F4B-8431-3C88429A4893}.Debug|x86.Build.0 = Debug|Win32
		{56DF2955-F48E-4F4B-8431-3C88429A4893}.Release|x64.ActiveCfg = Release|x64
		{56DF2955-F48E-4F4B-8431-3C88429A4893}.Release|x64.Build.0 = Release|x64
		{56DF2955-F48E-4F4B-8431-3C88429A4893}.Release|x86.ActiveCfg = Release|Win32
		{56DF2955-F48E-4F4B-8431-3C88429A4893}.Release|x86.Build.0 = Release|Win32
		{265EFDFC-843A-401C-92CE-652BB99A91AC}.Debug|x64.ActiveCfg = Debug|x64
		{265EFDFC-843A-401C-92CE-652BB99A91AC}.Debug|x64.Build.0 = Debug|x64
		{265EFDFC-843A-401C-92CE-652BB99A91AC}.Debug|x86.ActiveCfg = Debug|Win32
		{265EFDFC-843A-401C-92CE-652BB99A91AC}.Debug|x86.Build.0 = Debug|Win32
		{265EFDFC-843A-401C-92CE-652BB99A91AC}.Release|x64.ActiveCfg = Release|x64
		{265EFDFC-843A-401C-92CE-652BB99A91AC}.Release|x64.Build.0 = Release|x64
		{265EFDFC-843A-401C-92CE-652BB99A91AC}.Release|x86.ActiveCfg = Release|Win32
		{265EFDFC-843A-401C-92CE-652BB99A91AC}.Release|x86.Build.0 = Release|Win32
		{F48F2BB9-F550-4D55-970D-E92CD4A77FF8}.Debug|x64.ActiveCfg = Debug|x64
		{F48F2BB9-F550-4D55-970D-E92CD4A77FF8}.Debug|x64.Build.0 = Debug|x64
		{F48F2BB9-F550-4D55-970D-E92CD4A77FF8}.Debug|x86.ActiveCfg = Debug|Win32
		{F48F2BB9-F550-4D55-970D-E92CD4A77FF8}.Debug|x86.Build.0 = Debug|Win32
		{F48F2BB9-F550-4D55-970D-E92CD4A77FF8}.Release|x64.ActiveCfg = Release|x64
		{F48F2BB9-F550-4D55-970D-E92CD4A77FF8}.Release|x64.Build.0 = Release|x64
		{F48F2BB9-F550-4D55-970D-E92CD4A77FF8}.Release|x86.ActiveCfg = Release|Win32
		{F48F2BB9-F550-4D55-970D-E92CD4A77FF8}.Release|x86.Build.0 = Release|Win32
		{80C28586-9105-43BC-B2C5-EE6437C796BA}.Debug|x64.ActiveCfg = Debug|x64
		{80C28586-9105-43BC-B2C5-EE6437C796BA}.Debug|x64.Build.0 = Debug|x64
		{80C28586-9105-43BC-B2C5-EE6437C796BA}.Debug|x86.ActiveCfg = Debug|Win32
		{80C28586-9105-43BC-B2C5-EE6437C796BA}.Debug|x86.Build.0 = Debug|Win32
		{80C28586-9105-43BC-B2C5-EE6437C796BA}.Release|x64.ActiveCfg = Release|x64
		{80C28586-9105-43BC-B2C5-EE6437C796BA}.Release|x64.Build.0 = Release|x64
		{80C28586-9105-43BC-B2C5-EE6437C796BA}.Release|x86.ActiveCfg = Release|Win32
		{80C28586-9105-43BC-B2C5-EE6437C796BA}.Release|x86.Build.0 = Release|Win32
		{7C18D1A0-65A7-41C6-87AC-1FCCE8F9D943}.Debug|x64.ActiveCfg = Debug|x64
		{7C18D1A0-65A7-41C6-87AC-1FCCE8F9D943}.Debug|x64.Build.0 = Debug|x64
		{7C18D1A0-65A7-41C6-87AC-1FCCE8F9D943}.Debug|x86.ActiveCfg = Debug|Win32
		{7C18D1A0-65A7-41C6-87AC-1FCCE8F9D943}.Debug|x86.Build.0 = Debug|Win32
		{7C18D1A0-65A7-41C6-87AC-1FCCE8F9D943}.Release|x64.ActiveCfg = Release|x64
		{7C18D1A0-65A7-41C6-87AC-1FCCE8F9D943}.Release|x64.Build.0 = Release|x64
		{7C18D1A0-65A7-41C6-87AC-1FCCE8F9D943}.Release|x86.ActiveCfg = Release|Win32
		{7C18D1A0-65A7-41C6-87AC-1FCCE8F9D943}.Release|x86.Build.0 = Release|Win32
		{3D4D5726-E8FC-4EFC-808A-A656310787EB}.Debug|x64.ActiveCfg = Debug|x64
		{3D4D5726-E8FC-4EFC-808A-A656310787EB}.Debug|x64.Build.0 = Debug|x64
		{3D4D5726-E8FC-4EFC-808A-A656310787EB}.Debug|x86.ActiveCfg = Debug|Win32
		{3D4D5726-E8FC-4EFC-808A-A656310787EB}.Debug|x86.Build.0 = Debug|Win32
		{3D4D5726-E8FC-4EFC-808A-A656310787EB}.Release|x64.ActiveCfg = Release|x64
		{3D4D5726-E8FC-4EFC-808A-A656310787EB}.Release|x64.Build.0 = Release|x64
		{3D4D5726-E8FC-4EFC-808A-A656310787EB}.Release|x86.ActiveCfg = Release|Win32
		{3D4D5726-E8FC-4EFC-808A-A656310787EB}.Release|x86.Build.0 = Release|Win32
		{F86B3C13-6631-4A2C-9EAA-DFBEC8DCD73B}.Debug|x64.ActiveCfg = Debug|x64
		{F86B3C13-6631-4A2C-9EAA-DFBEC8DCD73B}.Debug|x64.Build.0 = Debug|x64
		{F86B3C13-6631-4A2C-9EAA-DFBEC8DCD73B}.Debug|x86.ActiveCfg = Debug|Win32
		{F86B3C13-6631-4A2C-9EAA-DFBEC8DCD73B}.Debug|x86.Build.0 = Debug|Win32
		{F86B3C13-6631-4A2C-9EAA-DFBEC8DCD73B}.Release|x64.ActiveCfg = Release|x64
		{F86B3C13-6631-4A2C-9EAA-DFBEC8DCD73B}.Release|x64.Build.0 = Release|x64
		{F86B3C13-6631-4A2C-9EAA-DFBEC8DCD73B}.Release|x86.ActiveCfg = Release|Win32
		{F86B3C13-6631-4A2C-9EAA-DFBEC8DCD73B}.Release|x86.Build.0 = Release|Win32
		{4D030837-6E2F-43F1-B9EA-FFEA49E75A5A}.Debug|x64.ActiveCfg = Debug|x64
		{4D030837-6E2F-43F1-B9EA-FFEA49E75A5A}.Debug|x64.Build.0 = Debug|x64
		{4D030837-6E2F-43F1-B9EA-FFEA49E75A5A}.Debug|x86.ActiveCfg = Debug|Win32
		{4D030837-6E2F-43F1-B9EA-FFEA49E75A5A}.Debug|x86.Build.0 = Debug|Win32
		{4D030837-6E2F-43F1-B9EA-FFEA49E75A5A}.Release|x64.ActiveCfg = Release|x64
		{4D030837-6E2F-43F1-B9EA-FFEA49E75A5A}.Release|x64.Build.0 = Release|x64
		{4D030837-6E2F-43F1-B9EA-FFEA49E75A5A}.Release|x86.ActiveCfg = Release|Win32
		{4D030837-6E2F-43F1-B9EA-FFEA49E75A5A}.Release|x86.Build.0 = Release|Win32
		{02F1076B-13BD-4D5C-A48F-EE2E46EF479E}.Debug|x64.ActiveCfg = Debug|x64
		{02F1076B-13BD-4D5C-A48F-EE2E46EF479E}.Debug|x64.Build.0 = Debug|x64
		{02F1076B-13BD-4D5C-A48F-EE2E46EF479E}.Debug|x86.ActiveCfg = Debug|Win32
		{02F1076B-13BD-4D5C-A48F-EE2E46EF479E}.Debug|x86.Build.0 = Debug|Win32
		{02F1076B-13BD-4D5C-A48F-EE2E46EF479E}.Release|x64.ActiveCfg = Release|x64
		{02F1076B-13BD-4D5C-A48F-EE2E46EF479E}.Release|x64.Build.0 = Release|x64
		{02F1076B-13BD-4D5C-A48F-EE2E46EF479E}.Release|x86.ActiveCfg = Release|Win32
		{02F1076B-13BD-4D5C-A48F-EE2E46EF479E}.Release|x86.Build.0 = Release|Win32
		{CDFFF199-071C-446B-8DEB-C28124ADDCDF}.Debug|x64.ActiveCfg = Debug|x64
		{CDFFF199-071C-446B-8DEB-C28124ADDCDF}.Debug|x64.Build.0 = Debug|x64
		{CDFFF199-071C-446B-8DEB-C28124ADDCDF}.Debug|x86.ActiveCfg = Debug|Win32
		{CDFFF199-071C-446B-8DEB-C28124ADDCDF}.Debug|x86.Build.0 = Debug|Win32
		{CDFFF199-071C-446B-8DEB-C28124ADDCDF}.Release|x64.ActiveCfg = Release|x64
		{CDFFF199-071C-446B-8DEB-C28124ADDCDF}.Release|x64.Build.0 = Release|x64
		{CDFFF199-071C-446B-8DEB-C28124ADDCDF}.Release|x86.ActiveCfg = Release|Win32
		{CDFFF199-071C-446B-8DEB-C28124ADDCDF}.Release|x86.Build.0 = Release|Win32
		{CCB375BC-0FCF-4663-A8A2-F4DCCF7A956D}.Debug|x64.ActiveCfg = Debug|x64
		{CCB375BC-0FCF-4663-A8A2-F4DCCF7A956D}.Debug|x64.Build.0 = Debug|x64
		{CCB375BC-0FCF-4663-A8A2-F4DCCF7A956D}.Debug|x86.ActiveCfg = Debug|Win32
		{CCB375BC-0FCF-4663-A8A2-F4DCCF7A956D}.Debug|x86.Build.0 = Debug|Win32
		{CCB375BC-0FCF-4663-A8A2-F4DCCF7A956D}.Release|x64.ActiveCfg = Release|x64
		{CCB375BC-0FCF-4663-A8A2-F4DCCF7A956D}.Release|x64.Build.0 = Release|x64
		{CCB375BC-0FCF-4663-A8A2-F4DCCF7A956D}.Release|x86.ActiveCfg = Release|Win32
		{CCB375BC-0FCF-4663-A8A2-F4DCCF7A956D}.Release|x86.Build.0 = Release|Win32
		{7514EDE5-8FDE-45A1-B255-4ACE55B354A5}.Debug|x64.ActiveCfg = Debug|x64
		{7514EDE5-8FDE-45A1-B255-4ACE55B354A5}.Debug|x64.Build.0 = Debug|x64
		{7514EDE5-8FDE-45A1-B255-4ACE55B354A5}.Debug|x86.ActiveCfg = Debug|Win32
		{7514EDE5-8FDE-45A1-B255-4ACE55B354A5}.Debug|x86.Build.0 = Debug|Win32
		{7514EDE5-8FDE-45A1-B255-4ACE55B354A5}.Release|x64.ActiveCfg = Release|x64
		{7514EDE5-8FDE-45A1-B255-4ACE55B354A5}.Release|x64.Build.0 = Release|x64
		{7514EDE5-8FDE-45A1-B255-4ACE55B354A5}.Release|x86.ActiveCfg = Release|Win32
		{7514EDE5-8FDE-45A1-B255-4ACE55B354A5}.Release|x86.Build.0 = Release|Win32
		{255693AF-F0F9-4C0E-BF28-D1890299FCCC}.Debug|x64.ActiveCfg = Debug|x64
		{255693AF-F0F9-4C0E-BF28-D1890299FCCC}.Debug|x64.Build.0 = Debug|x64
		{255693AF-F0F9-4C0E-BF28-D1890299FCCC}.Debug|x86.ActiveCfg = Debug|Win32
		{255693AF-F0F9-4C0E-BF28-D1890299FCCC}.Debug|x86.Build.0 = Debug|Win32
		{255693AF-F0F9-4C0E-BF28-D1890299FCCC}.Release|x64.ActiveCfg = Release|x64
		{255693AF-F0F9-4C0E-BF28-D1890299FCCC}.Release|x64.Build.0 = Release|x64
		{255693AF-F0F9-4C0E-BF28-D1890299FCCC}.Release|x86.ActiveCfg = Release|Win32
		{255693AF-F0F9-4C0E-BF28-D1890299FCCC}.Release|x86.Build.0 = Release|Win32
		{9DC0589A-CE9E-4DD3-B1E2-54EFAED85EAC}.Debug|x64.ActiveCfg = Debug|x64
		{9DC0589A-CE9E-4DD3-B1E2-54EFAED85EAC}.Debug|x64.Build.0 = Debug|x64
		{9DC0589A-CE9E-4DD3-B1E2-54EFAED85EAC}.Debug|x86.ActiveCfg = Debug|Win32
		{9DC0589A-CE9E-4DD3-B1E2-54EFAED85EAC}.Debug|x86.Build.0 = Debug|Win32
		{9DC0589A-CE9E-4DD3-B1E2-54EFAED85EAC}.Release|x64.ActiveCfg = Release|x64
		{9DC0589A-CE9E-4DD3-B1E2-54EFAED85EAC}.Release|x64.Build.0 = Release|x64
		{9DC0589A-CE9E-4DD3-B1E2-54EFAED85EAC}.Release|x86.ActiveCfg = Release|Win32
		{9DC0589A-CE9E-4DD3-B1E2-54EFAED85EAC}.Release|x86.Build.0 = Release|Win32
		{9564FFE8-7D27-4C4F-828C-2969F5C18F59}.Debug|x64.ActiveCfg = Debug|x64
		{9564FFE8-7D27-4C4F-828C-2969F5C18F59}.Debug|x64.Build.0 = Debug|x64
		{9564FFE8-7D27-4C4F-828C-2969F5C18F59}.Debug|x86.ActiveCfg = Debug|Win32
		{9564FFE8-7D27-4C4F-828C-2969F5C18F59}.Debug|x86.Build.0 = Debug|Win32
		{9564FFE8-7D27-4C4F-828C-2969F5C18F59}.Release|x64.ActiveCfg = Release|x64
		{9564FFE8-7D27-4C4F-828C-2969F5C18F59}.Release|x64.Build.0 = Release|x64
		{9564FFE8-7D27-4C4F-828C-2969F5C18F59}.Release|x86.ActiveCfg = Release|Win32
		{9564FFE8-7D27-4C4F-828C-2969F5C18F59}.Release|x86.Build.0 = Release|Win32
	EndGlobalSection
	GlobalSection(SolutionProperties) = preSolution
		HideSolutionNode = FALSE
	EndGlobalSection
	GlobalSection(ExtensibilityGlobals) = postSolution
		SolutionGuid = {C5C35AB1-3267-4536-AEF6-CA4C39BD636B}
	EndGlobalSection
EndGlobal
